
Microsoft Visual Studio Solution File, Format Version 12.00
# Visual Studio Version 17
VisualStudioVersion = 17.6.33723.286
MinimumVisualStudioVersion = 10.0.40219.1
Project("{FAE04EC0-301F-11D3-BF4B-00C04F79EFBC}") = "ytToMp3", "ytToMp3.csproj", "{A4212C84-B9F9-494A-995B-6ED778AAA680}"
EndProject
Global
	GlobalSection(SolutionConfigurationPlatforms) = preSolution
		Debug|Any CPU = Debug|Any CPU
		Release|Any CPU = Release|Any CPU
	EndGlobalSection
	GlobalSection(ProjectConfigurationPlatforms) = postSolution
		{A4212C84-B9F9-494A-995B-6ED778AAA680}.Debug|Any CPU.ActiveCfg = Debug|Any CPU
		{A4212C84-B9F9-494A-995B-6ED778AAA680}.Debug|Any CPU.Build.0 = Debug|Any CPU
		{A4212C84-B9F9-494A-995B-6ED778AAA680}.Release|Any CPU.ActiveCfg = Release|Any CPU
		{A4212C84-B9F9-494A-995B-6ED778AAA680}.Release|Any CPU.Build.0 = Release|Any CPU
	EndGlobalSection
	GlobalSection(SolutionProperties) = preSolution
		HideSolutionNode = FALSE
	EndGlobalSection
	GlobalSection(ExtensibilityGlobals) = postSolution
		SolutionGuid = {F5B68DF0-E650-4174-AAE7-5390C46CB332}
	EndGlobalSection
EndGlobal
